
Microsoft Visual Studio Solution File, Format Version 12.00
# Visual Studio 14
VisualStudioVersion = 14.0.25420.1
MinimumVisualStudioVersion = 10.0.40219.1
Project("{2150E333-8FDC-42A3-9474-1A3956D46DE8}") = "src", "src", "{DA1617EB-F26C-4E6C-AE72-71CA2E092E80}"
EndProject
Project("{2150E333-8FDC-42A3-9474-1A3956D46DE8}") = "Solution Items", "Solution Items", "{A3230819-1040-477B-99B8-E0AE3AB6E175}"
	ProjectSection(SolutionItems) = preProject
		global.json = global.json
	EndProjectSection
EndProject
Project("{8BB2217D-0F2D-49D1-97BC-3654ED321F3B}") = "customer-service", "src\customer-service\customer-service.xproj", "{89838FB9-72F3-4963-B766-01FEF10A85B0}"
EndProject
Project("{8BB2217D-0F2D-49D1-97BC-3654ED321F3B}") = "customer-service-tests", "customer-service-tests\customer-service-tests.xproj", "{DFAB50ED-6C93-4D8F-8241-4ED343929485}"
EndProject
Global
	GlobalSection(SolutionConfigurationPlatforms) = preSolution
		Debug|Any CPU = Debug|Any CPU
		Release|Any CPU = Release|Any CPU
	EndGlobalSection
	GlobalSection(ProjectConfigurationPlatforms) = postSolution
		{89838FB9-72F3-4963-B766-01FEF10A85B0}.Debug|Any CPU.ActiveCfg = Debug|Any CPU
		{89838FB9-72F3-4963-B766-01FEF10A85B0}.Debug|Any CPU.Build.0 = Debug|Any CPU
		{89838FB9-72F3-4963-B766-01FEF10A85B0}.Release|Any CPU.ActiveCfg = Release|Any CPU
		{89838FB9-72F3-4963-B766-01FEF10A85B0}.Release|Any CPU.Build.0 = Release|Any CPU
		{DFAB50ED-6C93-4D8F-8241-4ED343929485}.Debug|Any CPU.ActiveCfg = Debug|Any CPU
		{DFAB50ED-6C93-4D8F-8241-4ED343929485}.Debug|Any CPU.Build.0 = Debug|Any CPU
		{DFAB50ED-6C93-4D8F-8241-4ED343929485}.Release|Any CPU.ActiveCfg = Release|Any CPU
		{DFAB50ED-6C93-4D8F-8241-4ED343929485}.Release|Any CPU.Build.0 = Release|Any CPU
	EndGlobalSection
	GlobalSection(SolutionProperties) = preSolution
		HideSolutionNode = FALSE
	EndGlobalSection
	GlobalSection(NestedProjects) = preSolution
		{89838FB9-72F3-4963-B766-01FEF10A85B0} = {DA1617EB-F26C-4E6C-AE72-71CA2E092E80}
		{DFAB50ED-6C93-4D8F-8241-4ED343929485} = {DA1617EB-F26C-4E6C-AE72-71CA2E092E80}
	EndGlobalSection
EndGlobal
